
Microsoft Visual Studio Solution File, Format Version 12.00
# Visual Studio Version 17
VisualStudioVersion = 17.0.32014.148
MinimumVisualStudioVersion = 10.0.40219.1
Project("{FAE04EC0-301F-11D3-BF4B-00C04F79EFBC}") = "printTable", "printTable\printTable.csproj", "{50A23D49-A718-4266-9632-02DF778BEF68}"
EndProject
Global
	GlobalSection(SolutionConfigurationPlatforms) = preSolution
		Debug|Any CPU = Debug|Any CPU
		Release|Any CPU = Release|Any CPU
	EndGlobalSection
	GlobalSection(ProjectConfigurationPlatforms) = postSolution
		{50A23D49-A718-4266-9632-02DF778BEF68}.Debug|Any CPU.ActiveCfg = Debug|Any CPU
		{50A23D49-A718-4266-9632-02DF778BEF68}.Debug|Any CPU.Build.0 = Debug|Any CPU
		{50A23D49-A718-4266-9632-02DF778BEF68}.Release|Any CPU.ActiveCfg = Release|Any CPU
		{50A23D49-A718-4266-9632-02DF778BEF68}.Release|Any CPU.Build.0 = Release|Any CPU
	EndGlobalSection
	GlobalSection(SolutionProperties) = preSolution
		HideSolutionNode = FALSE
	EndGlobalSection
	GlobalSection(ExtensibilityGlobals) = postSolution
		SolutionGuid = {C910EC12-C30D-4783-A4AC-25ACD738C167}
	EndGlobalSection
EndGlobal
